
Microsoft Visual Studio Solution File, Format Version 12.00
# Visual Studio 2013
VisualStudioVersion = 12.0.30723.0
MinimumVisualStudioVersion = 10.0.40219.1
Project("{FAE04EC0-301F-11D3-BF4B-00C04F79EFBC}") = "chat_exjobb_v3", "chat_exjobb_v3\chat_exjobb_v3.csproj", "{AEAC5F84-2E94-44E8-BE8F-07E7BC27B6E0}"
EndProject
Project("{E24C65DC-7377-472B-9ABA-BC803B73C61A}") = "Chatv3", "http://localhost:51066", "{666BFE8B-4762-4912-AD21-E4FBA468CCCB}"
	ProjectSection(WebsiteProperties) = preProject
		UseIISExpress = "true"
		TargetFrameworkMoniker = ".NETFramework,Version%3Dv4.5"
		Debug.AspNetCompiler.VirtualPath = "/localhost_51066"
		Debug.AspNetCompiler.PhysicalPath = "..\..\..\..\..\WebSites\Chatv3\"
		Debug.AspNetCompiler.TargetPath = "PrecompiledWeb\localhost_51066\"
		Debug.AspNetCompiler.Updateable = "true"
		Debug.AspNetCompiler.ForceOverwrite = "true"
		Debug.AspNetCompiler.FixedNames = "false"
		Debug.AspNetCompiler.Debug = "True"
		Release.AspNetCompiler.VirtualPath = "/localhost_51066"
		Release.AspNetCompiler.PhysicalPath = "..\..\..\..\..\WebSites\Chatv3\"
		Release.AspNetCompiler.TargetPath = "PrecompiledWeb\localhost_51066\"
		Release.AspNetCompiler.Updateable = "true"
		Release.AspNetCompiler.ForceOverwrite = "true"
		Release.AspNetCompiler.FixedNames = "false"
		Release.AspNetCompiler.Debug = "False"
		SlnRelativePath = "..\..\..\..\..\WebSites\Chatv3\"
	EndProjectSection
EndProject
Global
	GlobalSection(SolutionConfigurationPlatforms) = preSolution
		Debug|Any CPU = Debug|Any CPU
		Release|Any CPU = Release|Any CPU
	EndGlobalSection
	GlobalSection(ProjectConfigurationPlatforms) = postSolution
		{AEAC5F84-2E94-44E8-BE8F-07E7BC27B6E0}.Debug|Any CPU.ActiveCfg = Debug|Any CPU
		{AEAC5F84-2E94-44E8-BE8F-07E7BC27B6E0}.Debug|Any CPU.Build.0 = Debug|Any CPU
		{AEAC5F84-2E94-44E8-BE8F-07E7BC27B6E0}.Release|Any CPU.ActiveCfg = Release|Any CPU
		{AEAC5F84-2E94-44E8-BE8F-07E7BC27B6E0}.Release|Any CPU.Build.0 = Release|Any CPU
		{666BFE8B-4762-4912-AD21-E4FBA468CCCB}.Debug|Any CPU.ActiveCfg = Debug|Any CPU
		{666BFE8B-4762-4912-AD21-E4FBA468CCCB}.Debug|Any CPU.Build.0 = Debug|Any CPU
		{666BFE8B-4762-4912-AD21-E4FBA468CCCB}.Release|Any CPU.ActiveCfg = Debug|Any CPU
		{666BFE8B-4762-4912-AD21-E4FBA468CCCB}.Release|Any CPU.Build.0 = Debug|Any CPU
	EndGlobalSection
	GlobalSection(SolutionProperties) = preSolution
		HideSolutionNode = FALSE
	EndGlobalSection
EndGlobal
